
Microsoft Visual Studio Solution File, Format Version 12.00
# Visual Studio Version 17
VisualStudioVersion = 17.4.33213.308
MinimumVisualStudioVersion = 10.0.40219.1
Project("{FAE04EC0-301F-11D3-BF4B-00C04F79EFBC}") = "web-api-assignment", "web-api-assignment\web-api-assignment.csproj", "{46DC01B1-4FA9-44C5-ACB9-E49A624FD444}"
EndProject
Global
	GlobalSection(SolutionConfigurationPlatforms) = preSolution
		Debug|Any CPU = Debug|Any CPU
		Release|Any CPU = Release|Any CPU
	EndGlobalSection
	GlobalSection(ProjectConfigurationPlatforms) = postSolution
		{46DC01B1-4FA9-44C5-ACB9-E49A624FD444}.Debug|Any CPU.ActiveCfg = Debug|Any CPU
		{46DC01B1-4FA9-44C5-ACB9-E49A624FD444}.Debug|Any CPU.Build.0 = Debug|Any CPU
		{46DC01B1-4FA9-44C5-ACB9-E49A624FD444}.Release|Any CPU.ActiveCfg = Release|Any CPU
		{46DC01B1-4FA9-44C5-ACB9-E49A624FD444}.Release|Any CPU.Build.0 = Release|Any CPU
	EndGlobalSection
	GlobalSection(SolutionProperties) = preSolution
		HideSolutionNode = FALSE
	EndGlobalSection
	GlobalSection(ExtensibilityGlobals) = postSolution
		SolutionGuid = {1C3809F7-6DBC-4290-9E10-396D8EDCCC5E}
	EndGlobalSection
EndGlobal
